
Microsoft Visual Studio Solution File, Format Version 12.00
# Visual Studio 15
VisualStudioVersion = 15.0.28307.329
MinimumVisualStudioVersion = 10.0.40219.1
Project("{FAE04EC0-301F-11D3-BF4B-00C04F79EFBC}") = "MusicPlaylist", "MusicPlaylist\MusicPlaylist.csproj", "{F28A2B7B-BA1B-4D6D-8F8D-9A9AA923CCC8}"
EndProject
Global
	GlobalSection(SolutionConfigurationPlatforms) = preSolution
		Debug|Any CPU = Debug|Any CPU
		Release|Any CPU = Release|Any CPU
	EndGlobalSection
	GlobalSection(ProjectConfigurationPlatforms) = postSolution
		{F28A2B7B-BA1B-4D6D-8F8D-9A9AA923CCC8}.Debug|Any CPU.ActiveCfg = Debug|Any CPU
		{F28A2B7B-BA1B-4D6D-8F8D-9A9AA923CCC8}.Debug|Any CPU.Build.0 = Debug|Any CPU
		{F28A2B7B-BA1B-4D6D-8F8D-9A9AA923CCC8}.Release|Any CPU.ActiveCfg = Release|Any CPU
		{F28A2B7B-BA1B-4D6D-8F8D-9A9AA923CCC8}.Release|Any CPU.Build.0 = Release|Any CPU
	EndGlobalSection
	GlobalSection(SolutionProperties) = preSolution
		HideSolutionNode = FALSE
	EndGlobalSection
	GlobalSection(ExtensibilityGlobals) = postSolution
		SolutionGuid = {30EFF2A4-D993-49A2-B302-8CEC6BE74D9C}
	EndGlobalSection
EndGlobal
